
Microsoft Visual Studio Solution File, Format Version 12.00
# Visual Studio 15
VisualStudioVersion = 15.0.27703.2000
MinimumVisualStudioVersion = 10.0.40219.1
Project("{9A19103F-16F7-4668-BE54-9A1E7A4F7556}") = "ChatRoom", "ChatRoom.csproj", "{59188247-5557-46CE-AAA2-31A19CE3F179}"
EndProject
Global
	GlobalSection(SolutionConfigurationPlatforms) = preSolution
		Debug|Any CPU = Debug|Any CPU
		Release|Any CPU = Release|Any CPU
	EndGlobalSection
	GlobalSection(ProjectConfigurationPlatforms) = postSolution
		{59188247-5557-46CE-AAA2-31A19CE3F179}.Debug|Any CPU.ActiveCfg = Debug|Any CPU
		{59188247-5557-46CE-AAA2-31A19CE3F179}.Debug|Any CPU.Build.0 = Debug|Any CPU
		{59188247-5557-46CE-AAA2-31A19CE3F179}.Release|Any CPU.ActiveCfg = Release|Any CPU
		{59188247-5557-46CE-AAA2-31A19CE3F179}.Release|Any CPU.Build.0 = Release|Any CPU
	EndGlobalSection
	GlobalSection(SolutionProperties) = preSolution
		HideSolutionNode = FALSE
	EndGlobalSection
	GlobalSection(ExtensibilityGlobals) = postSolution
		SolutionGuid = {5A7116B9-C645-4179-8D51-24FD39C81F04}
	EndGlobalSection
EndGlobal
